// !$*UTF8*$!
{
	archiveVersion = 1;
	classes = {
	};
	objectVersion = 56;
	objects = {

/* Begin PBXBuildFile section */
		AF16FAE22A25F5410042CDAD /* AppDelegate.swift in Sources */ = {isa = PBXBuildFile; fileRef = AF16FAE12A25F5410042CDAD /* AppDelegate.swift */; };
		AF16FAE42A25F5410042CDAD /* SceneDelegate.swift in Sources */ = {isa = PBXBuildFile; fileRef = AF16FAE32A25F5410042CDAD /* SceneDelegate.swift */; };
		AF16FAE62A25F5410042CDAD /* ViewController.swift in Sources */ = {isa = PBXBuildFile; fileRef = AF16FAE52A25F5410042CDAD /* ViewController.swift */; };
		AF16FAE92A25F5410042CDAD /* Main.storyboard in Resources */ = {isa = PBXBuildFile; fileRef = AF16FAE72A25F5410042CDAD /* Main.storyboard */; };
		AF16FAEB2A25F5440042CDAD /* Assets.xcassets in Resources */ = {isa = PBXBuildFile; fileRef = AF16FAEA2A25F5440042CDAD /* Assets.xcassets */; };
		AF16FAEE2A25F5440042CDAD /* LaunchScreen.storyboard in Resources */ = {isa = PBXBuildFile; fileRef = AF16FAEC2A25F5440042CDAD /* LaunchScreen.storyboard */; };
		AF16FAF92A25F5440042CDAD /* asdfTests.swift in Sources */ = {isa = PBXBuildFile; fileRef = AF16FAF82A25F5440042CDAD /* asdfTests.swift */; };
		AF16FB032A25F5440042CDAD /* asdfUITests.swift in Sources */ = {isa = PBXBuildFile; fileRef = AF16FB022A25F5440042CDAD /* asdfUITests.swift */; };
		AF16FB052A25F5440042CDAD /* asdfUITestsLaunchTests.swift in Sources */ = {isa = PBXBuildFile; fileRef = AF16FB042A25F5440042CDAD /* asdfUITestsLaunchTests.swift */; };
/* End PBXBuildFile section */

/* Begin PBXContainerItemProxy section */
		AF16FAF52A25F5440042CDAD /* PBXContainerItemProxy */ = {
			isa = PBXContainerItemProxy;
			containerPortal = AF16FAD62A25F5410042CDAD /* Project object */;
			proxyType = 1;
			remoteGlobalIDString = AF16FADD2A25F5410042CDAD;
			remoteInfo = asdf;
		};
		AF16FAFF2A25F5440042CDAD /* PBXContainerItemProxy */ = {
			isa = PBXContainerItemProxy;
			containerPortal = AF16FAD62A25F5410042CDAD /* Project object */;
			proxyType = 1;
			remoteGlobalIDString = AF16FADD2A25F5410042CDAD;
			remoteInfo = asdf;
		};
/* End PBXContainerItemProxy section */

/* Begin PBXFileReference section */
		AF16FADE2A25F5410042CDAD /* asdf.app */ = {isa = PBXFileReference; explicitFileType = wrapper.application; includeInIndex = 0; path = asdf.app; sourceTree = BUILT_PRODUCTS_DIR; };
		AF16FAE12A25F5410042CDAD /* AppDelegate.swift */ = {isa = PBXFileReference; lastKnownFileType = sourcecode.swift; path = AppDelegate.swift; sourceTree = "<group>"; };
		AF16FAE32A25F5410042CDAD /* SceneDelegate.swift */ = {isa = PBXFileReference; lastKnownFileType = sourcecode.swift; path = SceneDelegate.swift; sourceTree = "<group>"; };
		AF16FAE52A25F5410042CDAD /* ViewController.swift */ = {isa = PBXFileReference; lastKnownFileType = sourcecode.swift; path = ViewController.swift; sourceTree = "<group>"; };
		AF16FAE82A25F5410042CDAD /* Base */ = {isa = PBXFileReference; lastKnownFileType = file.storyboard; name = Base; path = Base.lproj/Main.storyboard; sourceTree = "<group>"; };
		AF16FAEA2A25F5440042CDAD /* Assets.xcassets */ = {isa = PBXFileReference; lastKnownFileType = folder.assetcatalog; path = Assets.xcassets; sourceTree = "<group>"; };
		AF16FAED2A25F5440042CDAD /* Base */ = {isa = PBXFileReference; lastKnownFileType = file.storyboard; name = Base; path = Base.lproj/LaunchScreen.storyboard; sourceTree = "<group>"; };
		AF16FAEF2A25F5440042CDAD /* Info.plist */ = {isa = PBXFileReference; lastKnownFileType = text.plist.xml; path = Info.plist; sourceTree = "<group>"; };
		AF16FAF42A25F5440042CDAD /* asdfTests.xctest */ = {isa = PBXFileReference; explicitFileType = wrapper.cfbundle; includeInIndex = 0; path = asdfTests.xctest; sourceTree = BUILT_PRODUCTS_DIR; };
		AF16FAF82A25F5440042CDAD /* asdfTests.swift */ = {isa = PBXFileReference; lastKnownFileType = sourcecode.swift; path = asdfTests.swift; sourceTree = "<group>"; };
		AF16FAFE2A25F5440042CDAD /* asdfUITests.xctest */ = {isa = PBXFileReference; explicitFileType = wrapper.cfbundle; includeInIndex = 0; path = asdfUITests.xctest; sourceTree = BUILT_PRODUCTS_DIR; };
		AF16FB022A25F5440042CDAD /* asdfUITests.swift */ = {isa = PBXFileReference; lastKnownFileType = sourcecode.swift; path = asdfUITests.swift; sourceTree = "<group>"; };
		AF16FB042A25F5440042CDAD /* asdfUITestsLaunchTests.swift */ = {isa = PBXFileReference; lastKnownFileType = sourcecode.swift; path = asdfUITestsLaunchTests.swift; sourceTree = "<group>"; };
/* End PBXFileReference section */

/* Begin PBXFrameworksBuildPhase section */
		AF16FADB2A25F5410042CDAD /* Frameworks */ = {
			isa = PBXFrameworksBuildPhase;
			buildActionMask = 2147483647;
			files = (
			);
			runOnlyForDeploymentPostprocessing = 0;
		};
		AF16FAF12A25F5440042CDAD /* Frameworks */ = {
			isa = PBXFrameworksBuildPhase;
			buildActionMask = 2147483647;
			files = (
			);
			runOnlyForDeploymentPostprocessing = 0;
		};
		AF16FAFB2A25F5440042CDAD /* Frameworks */ = {
			isa = PBXFrameworksBuildPhase;
			buildActionMask = 2147483647;
			files = (
			);
			runOnlyForDeploymentPostprocessing = 0;
		};
/* End PBXFrameworksBuildPhase section */

/* Begin PBXGroup section */
		AF16FAD52A25F5410042CDAD = {
			isa = PBXGroup;
			children = (
				AF16FAE02A25F5410042CDAD /* asdf */,
				AF16FAF72A25F5440042CDAD /* asdfTests */,
				AF16FB012A25F5440042CDAD /* asdfUITests */,
				AF16FADF2A25F5410042CDAD /* Products */,
			);
			sourceTree = "<group>";
		};
		AF16FADF2A25F5410042CDAD /* Products */ = {
			isa = PBXGroup;
			children = (
				AF16FADE2A25F5410042CDAD /* asdf.app */,
				AF16FAF42A25F5440042CDAD /* asdfTests.xctest */,
				AF16FAFE2A25F5440042CDAD /* asdfUITests.xctest */,
			);
			name = Products;
			sourceTree = "<group>";
		};
		AF16FAE02A25F5410042CDAD /* asdf */ = {
			isa = PBXGroup;
			children = (
				AF16FAE12A25F5410042CDAD /* AppDelegate.swift */,
				AF16FAE32A25F5410042CDAD /* SceneDelegate.swift */,
				AF16FAE52A25F5410042CDAD /* ViewController.swift */,
				AF16FAE72A25F5410042CDAD /* Main.storyboard */,
				AF16FAEA2A25F5440042CDAD /* Assets.xcassets */,
				AF16FAEC2A25F5440042CDAD /* LaunchScreen.storyboard */,
				AF16FAEF2A25F5440042CDAD /* Info.plist */,
			);
			path = asdf;
			sourceTree = "<group>";
		};
		AF16FAF72A25F5440042CDAD /* asdfTests */ = {
			isa = PBXGroup;
			children = (
				AF16FAF82A25F5440042CDAD /* asdfTests.swift */,
			);
			path = asdfTests;
			sourceTree = "<group>";
		};
		AF16FB012A25F5440042CDAD /* asdfUITests */ = {
			isa = PBXGroup;
			children = (
				AF16FB022A25F5440042CDAD /* asdfUITests.swift */,
				AF16FB042A25F5440042CDAD /* asdfUITestsLaunchTests.swift */,
			);
			path = asdfUITests;
			sourceTree = "<group>";
		};
/* End PBXGroup section */

/* Begin PBXNativeTarget section */
		AF16FADD2A25F5410042CDAD /* asdf */ = {
			isa = PBXNativeTarget;
			buildConfigurationList = AF16FB082A25F5440042CDAD /* Build configuration list for PBXNativeTarget "asdf" */;
			buildPhases = (
				AF16FADA2A25F5410042CDAD /* Sources */,
				AF16FADB2A25F5410042CDAD /* Frameworks */,
				AF16FADC2A25F5410042CDAD /* Resources */,
			);
			buildRules = (
			);
			dependencies = (
			);
			name = asdf;
			productName = asdf;
			productReference = AF16FADE2A25F5410042CDAD /* asdf.app */;
			productType = "com.apple.product-type.application";
		};
		AF16FAF32A25F5440042CDAD /* asdfTests */ = {
			isa = PBXNativeTarget;
			buildConfigurationList = AF16FB0B2A25F5440042CDAD /* Build configuration list for PBXNativeTarget "asdfTests" */;
			buildPhases = (
				AF16FAF02A25F5440042CDAD /* Sources */,
				AF16FAF12A25F5440042CDAD /* Frameworks */,
				AF16FAF22A25F5440042CDAD /* Resources */,
			);
			buildRules = (
			);
			dependencies = (
				AF16FAF62A25F5440042CDAD /* PBXTargetDependency */,
			);
			name = asdfTests;
			productName = asdfTests;
			productReference = AF16FAF42A25F5440042CDAD /* asdfTests.xctest */;
			productType = "com.apple.product-type.bundle.unit-test";
		};
		AF16FAFD2A25F5440042CDAD /* asdfUITests */ = {
			isa = PBXNativeTarget;
			buildConfigurationList = AF16FB0E2A25F5440042CDAD /* Build configuration list for PBXNativeTarget "asdfUITests" */;
			buildPhases = (
				AF16FAFA2A25F5440042CDAD /* Sources */,
				AF16FAFB2A25F5440042CDAD /* Frameworks */,
				AF16FAFC2A25F5440042CDAD /* Resources */,
			);
			buildRules = (
			);
			dependencies = (
				AF16FB002A25F5440042CDAD /* PBXTargetDependency */,
			);
			name = asdfUITests;
			productName = asdfUITests;
			productReference = AF16FAFE2A25F5440042CDAD /* asdfUITests.xctest */;
			productType = "com.apple.product-type.bundle.ui-testing";
		};
/* End PBXNativeTarget section */

/* Begin PBXProject section */
		AF16FAD62A25F5410042CDAD /* Project object */ = {
			isa = PBXProject;
			attributes = {
				BuildIndependentTargetsInParallel = 1;
				LastSwiftUpdateCheck = 1420;
				LastUpgradeCheck = 1420;
				TargetAttributes = {
					AF16FADD2A25F5410042CDAD = {
						CreatedOnToolsVersion = 14.2;
					};
					AF16FAF32A25F5440042CDAD = {
						CreatedOnToolsVersion = 14.2;
						TestTargetID = AF16FADD2A25F5410042CDAD;
					};
					AF16FAFD2A25F5440042CDAD = {
						CreatedOnToolsVersion = 14.2;
						TestTargetID = AF16FADD2A25F5410042CDAD;
					};
				};
			};
			buildConfigurationList = AF16FAD92A25F5410042CDAD /* Build configuration list for PBXProject "asdf" */;
			compatibilityVersion = "Xcode 14.0";
			developmentRegion = en;
			hasScannedForEncodings = 0;
			knownRegions = (
				en,
				Base,
			);
			mainGroup = AF16FAD52A25F5410042CDAD;
			productRefGroup = AF16FADF2A25F5410042CDAD /* Products */;
			projectDirPath = "";
			projectRoot = "";
			targets = (
				AF16FADD2A25F5410042CDAD /* asdf */,
				AF16FAF32A25F5440042CDAD /* asdfTests */,
				AF16FAFD2A25F5440042CDAD /* asdfUITests */,
			);
		};
/* End PBXProject section */

/* Begin PBXResourcesBuildPhase section */
		AF16FADC2A25F5410042CDAD /* Resources */ = {
			isa = PBXResourcesBuildPhase;
			buildActionMask = 2147483647;
			files = (
				AF16FAEE2A25F5440042CDAD /* LaunchScreen.storyboard in Resources */,
				AF16FAEB2A25F5440042CDAD /* Assets.xcassets in Resources */,
				AF16FAE92A25F5410042CDAD /* Main.storyboard in Resources */,
			);
			runOnlyForDeploymentPostprocessing = 0;
		};
		AF16FAF22A25F5440042CDAD /* Resources */ = {
			isa = PBXResourcesBuildPhase;
			buildActionMask = 2147483647;
			files = (
			);
			runOnlyForDeploymentPostprocessing = 0;
		};
		AF16FAFC2A25F5440042CDAD /* Resources */ = {
			isa = PBXResourcesBuildPhase;
			buildActionMask = 2147483647;
			files = (
			);
			runOnlyForDeploymentPostprocessing = 0;
		};
/* End PBXResourcesBuildPhase section */

/* Begin PBXSourcesBuildPhase section */
		AF16FADA2A25F5410042CDAD /* Sources */ = {
			isa = PBXSourcesBuildPhase;
			buildActionMask = 2147483647;
			files = (
				AF16FAE62A25F5410042CDAD /* ViewController.swift in Sources */,
				AF16FAE22A25F5410042CDAD /* AppDelegate.swift in Sources */,
				AF16FAE42A25F5410042CDAD /* SceneDelegate.swift in Sources */,
			);
			runOnlyForDeploymentPostprocessing = 0;
		};
		AF16FAF02A25F5440042CDAD /* Sources */ = {
			isa = PBXSourcesBuildPhase;
			buildActionMask = 2147483647;
			files = (
				AF16FAF92A25F5440042CDAD /* asdfTests.swift in Sources */,
			);
			runOnlyForDeploymentPostprocessing = 0;
		};
		AF16FAFA2A25F5440042CDAD /* Sources */ = {
			isa = PBXSourcesBuildPhase;
			buildActionMask = 2147483647;
			files = (
				AF16FB052A25F5440042CDAD /* asdfUITestsLaunchTests.swift in Sources */,
				AF16FB032A25F5440042CDAD /* asdfUITests.swift in Sources */,
			);
			runOnlyForDeploymentPostprocessing = 0;
		};
/* End PBXSourcesBuildPhase section */

/* Begin PBXTargetDependency section */
		AF16FAF62A25F5440042CDAD /* PBXTargetDependency */ = {
			isa = PBXTargetDependency;
			target = AF16FADD2A25F5410042CDAD /* asdf */;
			targetProxy = AF16FAF52A25F5440042CDAD /* PBXContainerItemProxy */;
		};
		AF16FB002A25F5440042CDAD /* PBXTargetDependency */ = {
			isa = PBXTargetDependency;
			target = AF16FADD2A25F5410042CDAD /* asdf */;
			targetProxy = AF16FAFF2A25F5440042CDAD /* PBXContainerItemProxy */;
		};
/* End PBXTargetDependency section */

/* Begin PBXVariantGroup section */
		AF16FAE72A25F5410042CDAD /* Main.storyboard */ = {
			isa = PBXVariantGroup;
			children = (
				AF16FAE82A25F5410042CDAD /* Base */,
			);
			name = Main.storyboard;
			sourceTree = "<group>";
		};
		AF16FAEC2A25F5440042CDAD /* LaunchScreen.storyboard */ = {
			isa = PBXVariantGroup;
			children = (
				AF16FAED2A25F5440042CDAD /* Base */,
			);
			name = LaunchScreen.storyboard;
			sourceTree = "<group>";
		};
/* End PBXVariantGroup section */

/* Begin XCBuildConfiguration section */
		AF16FB062A25F5440042CDAD /* Debug */ = {
			isa = XCBuildConfiguration;
			buildSettings = {
				ALWAYS_SEARCH_USER_PATHS = NO;
				CLANG_ANALYZER_NONNULL = YES;
				CLANG_ANALYZER_NUMBER_OBJECT_CONVERSION = YES_AGGRESSIVE;
				CLANG_CXX_LANGUAGE_STANDARD = "gnu++20";
				CLANG_ENABLE_MODULES = YES;
				CLANG_ENABLE_OBJC_ARC = YES;
				CLANG_ENABLE_OBJC_WEAK = YES;
				CLANG_WARN_BLOCK_CAPTURE_AUTORELEASING = YES;
				CLANG_WARN_BOOL_CONVERSION = YES;
				CLANG_WARN_COMMA = YES;
				CLANG_WARN_CONSTANT_CONVERSION = YES;
				CLANG_WARN_DEPRECATED_OBJC_IMPLEMENTATIONS = YES;
				CLANG_WARN_DIRECT_OBJC_ISA_USAGE = YES_ERROR;
				CLANG_WARN_DOCUMENTATION_COMMENTS = YES;
				CLANG_WARN_EMPTY_BODY = YES;
				CLANG_WARN_ENUM_CONVERSION = YES;
				CLANG_WARN_INFINITE_RECURSION = YES;
				CLANG_WARN_INT_CONVERSION = YES;
				CLANG_WARN_NON_LITERAL_NULL_CONVERSION = YES;
				CLANG_WARN_OBJC_IMPLICIT_RETAIN_SELF = YES;
				CLANG_WARN_OBJC_LITERAL_CONVERSION = YES;
				CLANG_WARN_OBJC_ROOT_CLASS = YES_ERROR;
				CLANG_WARN_QUOTED_INCLUDE_IN_FRAMEWORK_HEADER = YES;
				CLANG_WARN_RANGE_LOOP_ANALYSIS = YES;
				CLANG_WARN_STRICT_PROTOTYPES = YES;
				CLANG_WARN_SUSPICIOUS_MOVE = YES;
				CLANG_WARN_UNGUARDED_AVAILABILITY = YES_AGGRESSIVE;
				CLANG_WARN_UNREACHABLE_CODE = YES;
				CLANG_WARN__DUPLICATE_METHOD_MATCH = YES;
				COPY_PHASE_STRIP = NO;
				DEBUG_INFORMATION_FORMAT = dwarf;
				ENABLE_STRICT_OBJC_MSGSEND = YES;
				ENABLE_TESTABILITY = YES;
				GCC_C_LANGUAGE_STANDARD = gnu11;
				GCC_DYNAMIC_NO_PIC = NO;
				GCC_NO_COMMON_BLOCKS = YES;
				GCC_OPTIMIZATION_LEVEL = 0;
				GCC_PREPROCESSOR_DEFINITIONS = (
					"DEBUG=1",
					"$(inherited)",
				);
				GCC_WARN_64_TO_32_BIT_CONVERSION = YES;
				GCC_WARN_ABOUT_RETURN_TYPE = YES_ERROR;
				GCC_WARN_UNDECLARED_SELECTOR = YES;
				GCC_WARN_UNINITIALIZED_AUTOS = YES_AGGRESSIVE;
				GCC_WARN_UNUSED_FUNCTION = YES;
				GCC_WARN_UNUSED_VARIABLE = YES;
				IPHONEOS_DEPLOYMENT_TARGET = 16.2;
				MTL_ENABLE_DEBUG_INFO = INCLUDE_SOURCE;
				MTL_FAST_MATH = YES;
				ONLY_ACTIVE_ARCH = YES;
				SDKROOT = iphoneos;
				SWIFT_ACTIVE_COMPILATION_CONDITIONS = DEBUG;
				SWIFT_OPTIMIZATION_LEVEL = "-Onone";
			};
			name = Debug;
		};
		AF16FB072A25F5440042CDAD /* Release */ = {
			isa = XCBuildConfiguration;
			buildSettings = {
				ALWAYS_SEARCH_USER_PATHS = NO;
				CLANG_ANALYZER_NONNULL = YES;
				CLANG_ANALYZER_NUMBER_OBJECT_CONVERSION = YES_AGGRESSIVE;
				CLANG_CXX_LANGUAGE_STANDARD = "gnu++20";
				CLANG_ENABLE_MODULES = YES;
				CLANG_ENABLE_OBJC_ARC = YES;
				CLANG_ENABLE_OBJC_WEAK = YES;
				CLANG_WARN_BLOCK_CAPTURE_AUTORELEASING = YES;
				CLANG_WARN_BOOL_CONVERSION = YES;
				CLANG_WARN_COMMA = YES;
				CLANG_WARN_CONSTANT_CONVERSION = YES;
				CLANG_WARN_DEPRECATED_OBJC_IMPLEMENTATIONS = YES;
				CLANG_WARN_DIRECT_OBJC_ISA_USAGE = YES_ERROR;
				CLANG_WARN_DOCUMENTATION_COMMENTS = YES;
				CLANG_WARN_EMPTY_BODY = YES;
				CLANG_WARN_ENUM_CONVERSION = YES;
				CLANG_WARN_INFINITE_RECURSION = YES;
				CLANG_WARN_INT_CONVERSION = YES;
				CLANG_WARN_NON_LITERAL_NULL_CONVERSION = YES;
				CLANG_WARN_OBJC_IMPLICIT_RETAIN_SELF = YES;
				CLANG_WARN_OBJC_LITERAL_CONVERSION = YES;
				CLANG_WARN_OBJC_ROOT_CLASS = YES_ERROR;
				CLANG_WARN_QUOTED_INCLUDE_IN_FRAMEWORK_HEADER = YES;
				CLANG_WARN_RANGE_LOOP_ANALYSIS = YES;
				CLANG_WARN_STRICT_PROTOTYPES = YES;
				CLANG_WARN_SUSPICIOUS_MOVE = YES;
				CLANG_WARN_UNGUARDED_AVAILABILITY = YES_AGGRESSIVE;
				CLANG_WARN_UNREACHABLE_CODE = YES;
				CLANG_WARN__DUPLICATE_METHOD_MATCH = YES;
				COPY_PHASE_STRIP = NO;
				DEBUG_INFORMATION_FORMAT = "dwarf-with-dsym";
				ENABLE_NS_ASSERTIONS = NO;
				ENABLE_STRICT_OBJC_MSGSEND = YES;
				GCC_C_LANGUAGE_STANDARD = gnu11;
				GCC_NO_COMMON_BLOCKS = YES;
				GCC_WARN_64_TO_32_BIT_CONVERSION = YES;
				GCC_WARN_ABOUT_RETURN_TYPE = YES_ERROR;
				GCC_WARN_UNDECLARED_SELECTOR = YES;
				GCC_WARN_UNINITIALIZED_AUTOS = YES_AGGRESSIVE;
				GCC_WARN_UNUSED_FUNCTION = YES;
				GCC_WARN_UNUSED_VARIABLE = YES;
				IPHONEOS_DEPLOYMENT_TARGET = 16.2;
				MTL_ENABLE_DEBUG_INFO = NO;
				MTL_FAST_MATH = YES;
				SDKROOT = iphoneos;
				SWIFT_COMPILATION_MODE = wholemodule;
				SWIFT_OPTIMIZATION_LEVEL = "-O";
				VALIDATE_PRODUCT = YES;
			};
			name = Release;
		};
		AF16FB092A25F5440042CDAD /* Debug */ = {
			isa = XCBuildConfiguration;
			buildSettings = {
				ASSETCATALOG_COMPILER_APPICON_NAME = AppIcon;
				ASSETCATALOG_COMPILER_GLOBAL_ACCENT_COLOR_NAME = AccentColor;
				CODE_SIGN_STYLE = Automatic;
				CURRENT_PROJECT_VERSION = 1;
				GENERATE_INFOPLIST_FILE = YES;
				INFOPLIST_FILE = asdf/Info.plist;
				INFOPLIST_KEY_UIApplicationSupportsIndirectInputEvents = YES;
				INFOPLIST_KEY_UILaunchStoryboardName = LaunchScreen;
				INFOPLIST_KEY_UIMainStoryboardFile = Main;
				INFOPLIST_KEY_UISupportedInterfaceOrientations_iPad = "UIInterfaceOrientationPortrait UIInterfaceOrientationPortraitUpsideDown UIInterfaceOrientationLandscapeLeft UIInterfaceOrientationLandscapeRight";
				INFOPLIST_KEY_UISupportedInterfaceOrientations_iPhone = "UIInterfaceOrientationPortrait UIInterfaceOrientationLandscapeLeft UIInterfaceOrientationLandscapeRight";
				LD_RUNPATH_SEARCH_PATHS = (
					"$(inherited)",
					"@executable_path/Frameworks",
				);
				MARKETING_VERSION = 1.0;
				PRODUCT_BUNDLE_IDENTIFIER = com.mobile.ios.asdf;
				PRODUCT_NAME = "$(TARGET_NAME)";
				SWIFT_EMIT_LOC_STRINGS = YES;
				SWIFT_VERSION = 5.0;
				TARGETED_DEVICE_FAMILY = "1,2";
			};
			name = Debug;
		};
		AF16FB0A2A25F5440042CDAD /* Release */ = {
			isa = XCBuildConfiguration;
			buildSettings = {
				ASSETCATALOG_COMPILER_APPICON_NAME = AppIcon;
				ASSETCATALOG_COMPILER_GLOBAL_ACCENT_COLOR_NAME = AccentColor;
				CODE_SIGN_STYLE = Automatic;
				CURRENT_PROJECT_VERSION = 1;
				GENERATE_INFOPLIST_FILE = YES;
				INFOPLIST_FILE = asdf/Info.plist;
				INFOPLIST_KEY_UIApplicationSupportsIndirectInputEvents = YES;
				INFOPLIST_KEY_UILaunchStoryboardName = LaunchScreen;
				INFOPLIST_KEY_UIMainStoryboardFile = Main;
				INFOPLIST_KEY_UISupportedInterfaceOrientations_iPad = "UIInterfaceOrientationPortrait UIInterfaceOrientationPortraitUpsideDown UIInterfaceOrientationLandscapeLeft UIInterfaceOrientationLandscapeRight";
				INFOPLIST_KEY_UISupportedInterfaceOrientations_iPhone = "UIInterfaceOrientationPortrait UIInterfaceOrientationLandscapeLeft UIInterfaceOrientationLandscapeRight";
				LD_RUNPATH_SEARCH_PATHS = (
					"$(inherited)",
					"@executable_path/Frameworks",
				);
				MARKETING_VERSION = 1.0;
				PRODUCT_BUNDLE_IDENTIFIER = com.mobile.ios.asdf;
				PRODUCT_NAME = "$(TARGET_NAME)";
				SWIFT_EMIT_LOC_STRINGS = YES;
				SWIFT_VERSION = 5.0;
				TARGETED_DEVICE_FAMILY = "1,2";
			};
			name = Release;
		};
		AF16FB0C2A25F5440042CDAD /* Debug */ = {
			isa = XCBuildConfiguration;
			buildSettings = {
				ALWAYS_EMBED_SWIFT_STANDARD_LIBRARIES = YES;
				BUNDLE_LOADER = "$(TEST_HOST)";
				CODE_SIGN_STYLE = Automatic;
				CURRENT_PROJECT_VERSION = 1;
				GENERATE_INFOPLIST_FILE = YES;
				IPHONEOS_DEPLOYMENT_TARGET = 16.2;
				MARKETING_VERSION = 1.0;
				PRODUCT_BUNDLE_IDENTIFIER = com.mobile.ios.asdfTests;
				PRODUCT_NAME = "$(TARGET_NAME)";
				SWIFT_EMIT_LOC_STRINGS = NO;
				SWIFT_VERSION = 5.0;
				TARGETED_DEVICE_FAMILY = "1,2";
				TEST_HOST = "$(BUILT_PRODUCTS_DIR)/asdf.app/$(BUNDLE_EXECUTABLE_FOLDER_PATH)/asdf";
			};
			name = Debug;
		};
		AF16FB0D2A25F5440042CDAD /* Release */ = {
			isa = XCBuildConfiguration;
			buildSettings = {
				ALWAYS_EMBED_SWIFT_STANDARD_LIBRARIES = YES;
				BUNDLE_LOADER = "$(TEST_HOST)";
				CODE_SIGN_STYLE = Automatic;
				CURRENT_PROJECT_VERSION = 1;
				GENERATE_INFOPLIST_FILE = YES;
				IPHONEOS_DEPLOYMENT_TARGET = 16.2;
				MARKETING_VERSION = 1.0;
				PRODUCT_BUNDLE_IDENTIFIER = com.mobile.ios.asdfTests;
				PRODUCT_NAME = "$(TARGET_NAME)";
				SWIFT_EMIT_LOC_STRINGS = NO;
				SWIFT_VERSION = 5.0;
				TARGETED_DEVICE_FAMILY = "1,2";
				TEST_HOST = "$(BUILT_PRODUCTS_DIR)/asdf.app/$(BUNDLE_EXECUTABLE_FOLDER_PATH)/asdf";
			};
			name = Release;
		};
		AF16FB0F2A25F5440042CDAD /* Debug */ = {
			isa = XCBuildConfiguration;
			buildSettings = {
				ALWAYS_EMBED_SWIFT_STANDARD_LIBRARIES = YES;
				CODE_SIGN_STYLE = Automatic;
				CURRENT_PROJECT_VERSION = 1;
				GENERATE_INFOPLIST_FILE = YES;
				MARKETING_VERSION = 1.0;
				PRODUCT_BUNDLE_IDENTIFIER = com.mobile.ios.asdfUITests;
				PRODUCT_NAME = "$(TARGET_NAME)";
				SWIFT_EMIT_LOC_STRINGS = NO;
				SWIFT_VERSION = 5.0;
				TARGETED_DEVICE_FAMILY = "1,2";
				TEST_TARGET_NAME = asdf;
			};
			name = Debug;
		};
		AF16FB102A25F5440042CDAD /* Release */ = {
			isa = XCBuildConfiguration;
			buildSettings = {
				ALWAYS_EMBED_SWIFT_STANDARD_LIBRARIES = YES;
				CODE_SIGN_STYLE = Automatic;
				CURRENT_PROJECT_VERSION = 1;
				GENERATE_INFOPLIST_FILE = YES;
				MARKETING_VERSION = 1.0;
				PRODUCT_BUNDLE_IDENTIFIER = com.mobile.ios.asdfUITests;
				PRODUCT_NAME = "$(TARGET_NAME)";
				SWIFT_EMIT_LOC_STRINGS = NO;
				SWIFT_VERSION = 5.0;
				TARGETED_DEVICE_FAMILY = "1,2";
				TEST_TARGET_NAME = asdf;
			};
			name = Release;
		};
/* End XCBuildConfiguration section */

/* Begin XCConfigurationList section */
		AF16FAD92A25F5410042CDAD /* Build configuration list for PBXProject "asdf" */ = {
			isa = XCConfigurationList;
			buildConfigurations = (
				AF16FB062A25F5440042CDAD /* Debug */,
				AF16FB072A25F5440042CDAD /* Release */,
			);
			defaultConfigurationIsVisible = 0;
			defaultConfigurationName = Release;
		};
		AF16FB082A25F5440042CDAD /* Build configuration list for PBXNativeTarget "asdf" */ = {
			isa = XCConfigurationList;
			buildConfigurations = (
				AF16FB092A25F5440042CDAD /* Debug */,
				AF16FB0A2A25F5440042CDAD /* Release */,
			);
			defaultConfigurationIsVisible = 0;
			defaultConfigurationName = Release;
		};
		AF16FB0B2A25F5440042CDAD /* Build configuration list for PBXNativeTarget "asdfTests" */ = {
			isa = XCConfigurationList;
			buildConfigurations = (
				AF16FB0C2A25F5440042CDAD /* Debug */,
				AF16FB0D2A25F5440042CDAD /* Release */,
			);
			defaultConfigurationIsVisible = 0;
			defaultConfigurationName = Release;
		};
		AF16FB0E2A25F5440042CDAD /* Build configuration list for PBXNativeTarget "asdfUITests" */ = {
			isa = XCConfigurationList;
			buildConfigurations = (
				AF16FB0F2A25F5440042CDAD /* Debug */,
				AF16FB102A25F5440042CDAD /* Release */,
			);
			defaultConfigurationIsVisible = 0;
			defaultConfigurationName = Release;
		};
/* End XCConfigurationList section */
	};
	rootObject = AF16FAD62A25F5410042CDAD /* Project object */;
}
